Microsoft Visual Studio Solution File, Format Version 12.00
# Visual Studio Version 17
VisualStudioVersion = 17.5.2.0
MinimumVisualStudioVersion = 10.0.40219.1
Project("{FAE04EC0-301F-11D3-BF4B-00C04F79EFBC}") = "SoftwareSeguro", "SoftwareSeguro.csproj", "{2609BB45-0A93-A016-DF03-C3D1E1325C82}"
EndProject
Global
	GlobalSection(SolutionConfigurationPlatforms) = preSolution
		Debug|Any CPU = Debug|Any CPU
		Release|Any CPU = Release|Any CPU
	EndGlobalSection
	GlobalSection(ProjectConfigurationPlatforms) = postSolution
		{2609BB45-0A93-A016-DF03-C3D1E1325C82}.Debug|Any CPU.ActiveCfg = Debug|Any CPU
		{2609BB45-0A93-A016-DF03-C3D1E1325C82}.Debug|Any CPU.Build.0 = Debug|Any CPU
		{2609BB45-0A93-A016-DF03-C3D1E1325C82}.Release|Any CPU.ActiveCfg = Release|Any CPU
		{2609BB45-0A93-A016-DF03-C3D1E1325C82}.Release|Any CPU.Build.0 = Release|Any CPU
	EndGlobalSection
	GlobalSection(SolutionProperties) = preSolution
		HideSolutionNode = FALSE
	EndGlobalSection
	GlobalSection(ExtensibilityGlobals) = postSolution
		SolutionGuid = {29425990-C779-4BDC-8A69-5D9B85FCDA70}
	EndGlobalSection
EndGlobal
